#MicroXplorer Configuration settings - do not modify
CAD.formats=
CAD.pinconfig=
CAD.provider=
Dma.I2C1_TX.0.Direction=DMA_MEMORY_TO_PERIPH
Dma.I2C1_TX.0.FIFOMode=DMA_FIFOMODE_DISABLE
Dma.I2C1_TX.0.Instance=DMA1_Stream6
Dma.I2C1_TX.0.MemDataAlignment=DMA_MDATAALIGN_BYTE
Dma.I2C1_TX.0.MemInc=DMA_MINC_ENABLE
Dma.I2C1_TX.0.Mode=DMA_NORMAL
Dma.I2C1_TX.0.PeriphDataAlignment=DMA_PDATAALIGN_BYTE
Dma.I2C1_TX.0.PeriphInc=DMA_PINC_DISABLE
Dma.I2C1_TX.0.Priority=DMA_PRIORITY_LOW
Dma.I2C1_TX.0.RequestParameters=Instance,Direction,PeriphInc,MemInc,PeriphDataAlignment,MemDataAlignment,Mode,Priority,FIFOMode
Dma.Request0=I2C1_TX
Dma.RequestsNb=1
File.Version=6
GPIO.groupedBy=Group By Peripherals
I2C1.I2C_Mode=I2C_Fast
I2C1.IPParameters=I2C_Mode
I2S2.ErrorAudioFreq=0.0 %
I2S2.FullDuplexMode=I2S_FULLDUPLEXMODE_DISABLE
I2S2.IPParameters=Instance,VirtualMode,FullDuplexMode,RealAudioFreq,ErrorAudioFreq
I2S2.Instance=SPI$Index
I2S2.RealAudioFreq=8.0 KHz
I2S2.VirtualMode=I2S_MODE_SLAVE
I2S3.ErrorAudioFreq=0.0 %
I2S3.FullDuplexMode=I2S_FULLDUPLEXMODE_DISABLE
I2S3.IPParameters=Instance,VirtualMode,FullDuplexMode,RealAudioFreq,ErrorAudioFreq
I2S3.Instance=SPI$Index
I2S3.RealAudioFreq=8.0 KHz
I2S3.VirtualMode=I2S_MODE_SLAVE
KeepUserPlacement=false
Mcu.CPN=STM32F401RCT6
Mcu.Family=STM32F4
Mcu.IP0=DMA
Mcu.IP1=I2C1
Mcu.IP10=USART2
Mcu.IP2=I2S2
Mcu.IP3=I2S3
Mcu.IP4=NVIC
Mcu.IP5=RCC
Mcu.IP6=SYS
Mcu.IP7=TIM3
Mcu.IP8=TIM4
Mcu.IP9=TIM10
Mcu.IPNb=11
Mcu.Name=STM32F401R(B-C)Tx
Mcu.Package=LQFP64
Mcu.Pin0=PC13-ANTI_TAMP
Mcu.Pin1=PC14-OSC32_IN
Mcu.Pin10=PA6
Mcu.Pin11=PA7
Mcu.Pin12=PB0
Mcu.Pin13=PB1
Mcu.Pin14=PB2
Mcu.Pin15=PB10
Mcu.Pin16=PB12
Mcu.Pin17=PC10
Mcu.Pin18=PC12
Mcu.Pin19=PB6
Mcu.Pin2=PC15-OSC32_OUT
Mcu.Pin20=PB7
Mcu.Pin21=PB8
Mcu.Pin22=PB9
Mcu.Pin23=VP_SYS_VS_Systick
Mcu.Pin24=VP_TIM3_VS_ClockSourceINT
Mcu.Pin25=VP_TIM10_VS_ClockSourceINT
Mcu.Pin3=PH0 - OSC_IN
Mcu.Pin4=PH1 - OSC_OUT
Mcu.Pin5=PC3
Mcu.Pin6=PA0-WKUP
Mcu.Pin7=PA2
Mcu.Pin8=PA3
Mcu.Pin9=PA4
Mcu.PinsNb=26
Mcu.ThirdPartyNb=0
Mcu.UserConstants=
Mcu.UserName=STM32F401RCTx
MxCube.Version=6.14.0
MxDb.Version=DB.6.0.140
NVIC.BusFault_IRQn=true\:0\:0\:false\:false\:true\:false\:false\:false
NVIC.DMA1_Stream6_IRQn=true\:0\:0\:false\:false\:true\:false\:true\:true
NVIC.DebugMonitor_IRQn=true\:0\:0\:false\:false\:true\:false\:false\:false
NVIC.ForceEnableDMAVector=true
NVIC.HardFault_IRQn=true\:0\:0\:false\:false\:true\:false\:false\:false
NVIC.I2C1_ER_IRQn=true\:0\:0\:false\:false\:true\:true\:true\:true
NVIC.I2C1_EV_IRQn=true\:0\:0\:false\:false\:true\:true\:true\:true
NVIC.MemoryManagement_IRQn=true\:0\:0\:false\:false\:true\:false\:false\:false
NVIC.NonMaskableInt_IRQn=true\:0\:0\:false\:false\:true\:false\:false\:false
NVIC.PendSV_IRQn=true\:0\:0\:false\:false\:true\:false\:false\:false
NVIC.PriorityGroup=NVIC_PRIORITYGROUP_4
NVIC.SVCall_IRQn=true\:0\:0\:false\:false\:true\:false\:false\:false
NVIC.SysTick_IRQn=true\:15\:0\:false\:false\:true\:false\:true\:false
NVIC.TIM1_UP_TIM10_IRQn=true\:0\:0\:false\:false\:true\:true\:true\:true
NVIC.UsageFault_IRQn=true\:0\:0\:false\:false\:true\:false\:false\:false
PA0-WKUP.GPIOParameters=GPIO_PuPd
PA0-WKUP.GPIO_PuPd=GPIO_PULLUP
PA0-WKUP.Locked=true
PA0-WKUP.Signal=GPIO_Input
PA2.Mode=Asynchronous
PA2.Signal=USART2_TX
PA3.Mode=Asynchronous
PA3.Signal=USART2_RX
PA4.Mode=Half_Duplex_Slave
PA4.Signal=I2S3_WS
PA6.Signal=S_TIM3_CH1
PA7.Signal=S_TIM3_CH2
PB0.Signal=S_TIM3_CH3
PB1.GPIOParameters=GPIO_PuPd
PB1.GPIO_PuPd=GPIO_PULLUP
PB1.Locked=true
PB1.Signal=GPIO_Input
PB10.Mode=Half_Duplex_Slave
PB10.Signal=I2S2_CK
PB12.Mode=Half_Duplex_Slave
PB12.Signal=I2S2_WS
PB2.GPIOParameters=GPIO_PuPd
PB2.GPIO_PuPd=GPIO_PULLDOWN
PB2.Locked=true
PB2.Signal=GPIO_Input
PB6.Signal=S_TIM4_CH1
PB7.Signal=S_TIM4_CH2
PB8.GPIOParameters=GPIO_Pu
PB8.GPIO_Pu=GPIO_PULLUP
PB8.Mode=I2C
PB8.Signal=I2C1_SCL
PB9.GPIOParameters=GPIO_Pu
PB9.GPIO_Pu=GPIO_PULLUP
PB9.Mode=I2C
PB9.Signal=I2C1_SDA
PC10.Mode=Half_Duplex_Slave
PC10.Signal=I2S3_CK
PC12.Mode=Half_Duplex_Slave
PC12.Signal=I2S3_SD
PC13-ANTI_TAMP.GPIOParameters=PinState
PC13-ANTI_TAMP.Locked=true
PC13-ANTI_TAMP.PinState=GPIO_PIN_SET
PC13-ANTI_TAMP.Signal=GPIO_Output
PC14-OSC32_IN.Mode=LSE-External-Oscillator
PC14-OSC32_IN.Signal=RCC_OSC32_IN
PC15-OSC32_OUT.Mode=LSE-External-Oscillator
PC15-OSC32_OUT.Signal=RCC_OSC32_OUT
PC3.Mode=Half_Duplex_Slave
PC3.Signal=I2S2_SD
PH0\ -\ OSC_IN.Mode=HSE-External-Oscillator
PH0\ -\ OSC_IN.Signal=RCC_OSC_IN
PH1\ -\ OSC_OUT.Mode=HSE-External-Oscillator
PH1\ -\ OSC_OUT.Signal=RCC_OSC_OUT
PinOutPanel.RotationAngle=0
ProjectManager.AskForMigrate=true
ProjectManager.BackupPrevious=false
ProjectManager.CompilerLinker=GCC
ProjectManager.CompilerOptimize=6
ProjectManager.ComputerToolchain=false
ProjectManager.CoupleFile=true
ProjectManager.CustomerFirmwarePackage=
ProjectManager.DefaultFWLocation=true
ProjectManager.DeletePrevious=true
ProjectManager.DeviceId=STM32F401RCTx
ProjectManager.FirmwarePackage=STM32Cube FW_F4 V1.28.1
ProjectManager.FreePins=false
ProjectManager.HalAssertFull=false
ProjectManager.HeapSize=0x200
ProjectManager.KeepUserCode=true
ProjectManager.LastFirmware=true
ProjectManager.LibraryCopy=1
ProjectManager.MainLocation=Core/Src
ProjectManager.NoMain=false
ProjectManager.PreviousToolchain=
ProjectManager.ProjectBuild=false
ProjectManager.ProjectFileName=401test.ioc
ProjectManager.ProjectName=401test
ProjectManager.ProjectStructure=
ProjectManager.RegisterCallBack=
ProjectManager.StackSize=0x400
ProjectManager.TargetToolchain=STM32CubeIDE
ProjectManager.ToolChainLocation=
ProjectManager.UAScriptAfterPath=
ProjectManager.UAScriptBeforePath=
ProjectManager.UnderRoot=true
ProjectManager.functionlistsort=1-SystemClock_Config-RCC-false-HAL-false,2-MX_GPIO_Init-GPIO-false-HAL-true,3-MX_DMA_Init-DMA-false-HAL-true,4-MX_I2S2_Init-I2S2-false-HAL-true,5-MX_I2S3_Init-I2S3-false-HAL-true,6-MX_TIM3_Init-TIM3-false-HAL-true,7-MX_I2C1_Init-I2C1-false-HAL-true,8-MX_TIM10_Init-TIM10-false-HAL-true,9-MX_USART2_UART_Init-USART2-false-HAL-true,10-MX_TIM4_Init-TIM4-false-HAL-true
RCC.48MHZClocksFreq_Value=42000000
RCC.AHBFreq_Value=84000000
RCC.APB1CLKDivider=RCC_HCLK_DIV2
RCC.APB1Freq_Value=42000000
RCC.APB1TimFreq_Value=84000000
RCC.APB2Freq_Value=84000000
RCC.APB2TimFreq_Value=84000000
RCC.CortexFreq_Value=84000000
RCC.FCLKCortexFreq_Value=84000000
RCC.HCLKFreq_Value=84000000
RCC.HSE_VALUE=25000000
RCC.HSI_VALUE=16000000
RCC.I2SClocksFreq_Value=38400000
RCC.IPParameters=48MHZClocksFreq_Value,AHBFreq_Value,APB1CLKDivider,APB1Freq_Value,APB1TimFreq_Value,APB2Freq_Value,APB2TimFreq_Value,CortexFreq_Value,FCLKCortexFreq_Value,HCLKFreq_Value,HSE_VALUE,HSI_VALUE,I2SClocksFreq_Value,LSI_VALUE,MCO2PinFreq_Value,PLLCLKFreq_Value,PLLI2SR,PLLM,PLLN,PLLQCLKFreq_Value,PLLSourceVirtual,RTCFreq_Value,RTCHSEDivFreq_Value,SYSCLKFreq_VALUE,SYSCLKSource,VCOI2SOutputFreq_Value,VCOInputFreq_Value,VCOOutputFreq_Value,VcooutputI2S
RCC.LSI_VALUE=32000
RCC.MCO2PinFreq_Value=84000000
RCC.PLLCLKFreq_Value=84000000
RCC.PLLI2SR=5
RCC.PLLM=25
RCC.PLLN=168
RCC.PLLQCLKFreq_Value=42000000
RCC.PLLSourceVirtual=RCC_PLLSOURCE_HSE
RCC.RTCFreq_Value=32000
RCC.RTCHSEDivFreq_Value=12500000
RCC.SYSCLKFreq_VALUE=84000000
RCC.SYSCLKSource=RCC_SYSCLKSOURCE_PLLCLK
RCC.VCOI2SOutputFreq_Value=192000000
RCC.VCOInputFreq_Value=1000000
RCC.VCOOutputFreq_Value=168000000
RCC.VcooutputI2S=38400000
SH.S_TIM3_CH1.0=TIM3_CH1,PWM Generation1 CH1
SH.S_TIM3_CH1.ConfNb=1
SH.S_TIM3_CH2.0=TIM3_CH2,PWM Generation2 CH2
SH.S_TIM3_CH2.ConfNb=1
SH.S_TIM3_CH3.0=TIM3_CH3,PWM Generation3 CH3
SH.S_TIM3_CH3.ConfNb=1
SH.S_TIM4_CH1.0=TIM4_CH1,Encoder_Interface
SH.S_TIM4_CH1.ConfNb=1
SH.S_TIM4_CH2.0=TIM4_CH2,Encoder_Interface
SH.S_TIM4_CH2.ConfNb=1
TIM10.AutoReloadPreload=TIM_AUTORELOAD_PRELOAD_ENABLE
TIM10.ClockDivision=TIM_CLOCKDIVISION_DIV1
TIM10.IPParameters=Prescaler,Period,AutoReloadPreload,ClockDivision
TIM10.Period=2800-1
TIM10.Prescaler=1000-1
TIM3.Channel-PWM\ Generation1\ CH1=TIM_CHANNEL_1
TIM3.Channel-PWM\ Generation2\ CH2=TIM_CHANNEL_2
TIM3.Channel-PWM\ Generation3\ CH3=TIM_CHANNEL_3
TIM3.IPParameters=Channel-PWM Generation1 CH1,Channel-PWM Generation2 CH2,Channel-PWM Generation3 CH3
TIM4.EncoderMode=TIM_ENCODERMODE_TI12
TIM4.IC1Filter=10
TIM4.IC2Filter=10
TIM4.IPParameters=Period,EncoderMode,IC1Filter,IC2Filter
TIM4.Period=400
USART2.IPParameters=VirtualMode
USART2.VirtualMode=VM_ASYNC
VP_SYS_VS_Systick.Mode=SysTick
VP_SYS_VS_Systick.Signal=SYS_VS_Systick
VP_TIM10_VS_ClockSourceINT.Mode=Enable_Timer
VP_TIM10_VS_ClockSourceINT.Signal=TIM10_VS_ClockSourceINT
VP_TIM3_VS_ClockSourceINT.Mode=Internal
VP_TIM3_VS_ClockSourceINT.Signal=TIM3_VS_ClockSourceINT
board=custom
isbadioc=false
